
Microsoft Visual Studio Solution File, Format Version 12.00
# Visual Studio Version 17
VisualStudioVersion = 17.10.35027.167
MinimumVisualStudioVersion = 10.0.40219.1
Project("{FAE04EC0-301F-11D3-BF4B-00C04F79EFBC}") = "WebApiWithHealthCheck", "WebApiWithHealthCheck\WebApiWithHealthCheck.csproj", "{FC7118ED-5FEA-4C7F-AF99-300C6DC8C9C5}"
EndProject
Global
	GlobalSection(SolutionConfigurationPlatforms) = preSolution
		Debug|Any CPU = Debug|Any CPU
		Release|Any CPU = Release|Any CPU
	EndGlobalSection
	GlobalSection(ProjectConfigurationPlatforms) = postSolution
		{FC7118ED-5FEA-4C7F-AF99-300C6DC8C9C5}.Debug|Any CPU.ActiveCfg = Debug|Any CPU
		{FC7118ED-5FEA-4C7F-AF99-300C6DC8C9C5}.Debug|Any CPU.Build.0 = Debug|Any CPU
		{FC7118ED-5FEA-4C7F-AF99-300C6DC8C9C5}.Release|Any CPU.ActiveCfg = Release|Any CPU
		{FC7118ED-5FEA-4C7F-AF99-300C6DC8C9C5}.Release|Any CPU.Build.0 = Release|Any CPU
	EndGlobalSection
	GlobalSection(SolutionProperties) = preSolution
		HideSolutionNode = FALSE
	EndGlobalSection
	GlobalSection(ExtensibilityGlobals) = postSolution
		SolutionGuid = {6B3115E6-0993-440E-8213-55095FDD61D1}
	EndGlobalSection
EndGlobal
